// !$*UTF8*$!
{
	archiveVersion = 1;
	classes = {
	};
	objectVersion = 46;
	objects = {

/* Begin PBXBuildFile section */
		1ACCDC691C3C57D600E39371 /* User.swift in Sources */ = {isa = PBXBuildFile; fileRef = 1ACCDC681C3C57D600E39371 /* User.swift */; };
		1ACCDC6B1C3C57E800E39371 /* Friend.swift in Sources */ = {isa = PBXBuildFile; fileRef = 1ACCDC6A1C3C57E800E39371 /* Friend.swift */; };
		1ACCDC6D1C3C642200E39371 /* FirebaseController.swift in Sources */ = {isa = PBXBuildFile; fileRef = 1ACCDC6C1C3C642200E39371 /* FirebaseController.swift */; };
		1ACCDC721C3C67F200E39371 /* libicucore.tbd in Frameworks */ = {isa = PBXBuildFile; fileRef = 1ACCDC711C3C67F200E39371 /* libicucore.tbd */; };
		1ACCDC741C3C686800E39371 /* libc++.tbd in Frameworks */ = {isa = PBXBuildFile; fileRef = 1ACCDC731C3C686800E39371 /* libc++.tbd */; };
		1ACCDC761C3C686F00E39371 /* CFNetwork.framework in Frameworks */ = {isa = PBXBuildFile; fileRef = 1ACCDC751C3C686F00E39371 /* CFNetwork.framework */; };
		1ACCDC781C3C687700E39371 /* Security.framework in Frameworks */ = {isa = PBXBuildFile; fileRef = 1ACCDC771C3C687700E39371 /* Security.framework */; };
		1ACCDC7A1C3C687D00E39371 /* SystemConfiguration.framework in Frameworks */ = {isa = PBXBuildFile; fileRef = 1ACCDC791C3C687D00E39371 /* SystemConfiguration.framework */; };
		1ACCDC811C3C6EC800E39371 /* Firebase.framework in Frameworks */ = {isa = PBXBuildFile; fileRef = 1ACCDC801C3C6EC800E39371 /* Firebase.framework */; };
		1ACCDC821C3C6EC800E39371 /* Firebase.framework in Embed Frameworks */ = {isa = PBXBuildFile; fileRef = 1ACCDC801C3C6EC800E39371 /* Firebase.framework */; settings = {ATTRIBUTES = (CodeSignOnCopy, RemoveHeadersOnCopy, ); }; };
		8C4738661C3B3B4C000142C3 /* AppDelegate.swift in Sources */ = {isa = PBXBuildFile; fileRef = 8C4738651C3B3B4C000142C3 /* AppDelegate.swift */; };
		8C47386B1C3B3B4C000142C3 /* Main.storyboard in Resources */ = {isa = PBXBuildFile; fileRef = 8C4738691C3B3B4C000142C3 /* Main.storyboard */; };
		8C47386D1C3B3B4C000142C3 /* Assets.xcassets in Resources */ = {isa = PBXBuildFile; fileRef = 8C47386C1C3B3B4C000142C3 /* Assets.xcassets */; };
		8C4738701C3B3B4C000142C3 /* LaunchScreen.storyboard in Resources */ = {isa = PBXBuildFile; fileRef = 8C47386E1C3B3B4C000142C3 /* LaunchScreen.storyboard */; };
		FFD55C9F1C3B49BE00454AD5 /* MapViewController.swift in Sources */ = {isa = PBXBuildFile; fileRef = FFD55C9E1C3B49BE00454AD5 /* MapViewController.swift */; };
		FFD55CA11C3B4CB900454AD5 /* ContactsTableViewController.swift in Sources */ = {isa = PBXBuildFile; fileRef = FFD55CA01C3B4CB900454AD5 /* ContactsTableViewController.swift */; };
		FFD55CA31C3B533F00454AD5 /* CompassViewController.swift in Sources */ = {isa = PBXBuildFile; fileRef = FFD55CA21C3B533F00454AD5 /* CompassViewController.swift */; };
/* End PBXBuildFile section */

/* Begin PBXCopyFilesBuildPhase section */
		1ACCDC831C3C6EC800E39371 /* Embed Frameworks */ = {
			isa = PBXCopyFilesBuildPhase;
			buildActionMask = 2147483647;
			dstPath = "";
			dstSubfolderSpec = 10;
			files = (
				1ACCDC821C3C6EC800E39371 /* Firebase.framework in Embed Frameworks */,
			);
			name = "Embed Frameworks";
			runOnlyForDeploymentPostprocessing = 0;
		};
/* End PBXCopyFilesBuildPhase section */

/* Begin PBXFileReference section */
		1ACCDC681C3C57D600E39371 /* User.swift */ = {isa = PBXFileReference; fileEncoding = 4; lastKnownFileType = sourcecode.swift; path = User.swift; sourceTree = "<group>"; };
		1ACCDC6A1C3C57E800E39371 /* Friend.swift */ = {isa = PBXFileReference; fileEncoding = 4; lastKnownFileType = sourcecode.swift; path = Friend.swift; sourceTree = "<group>"; };
		1ACCDC6C1C3C642200E39371 /* FirebaseController.swift */ = {isa = PBXFileReference; fileEncoding = 4; lastKnownFileType = sourcecode.swift; path = FirebaseController.swift; sourceTree = "<group>"; };
		1ACCDC711C3C67F200E39371 /* libicucore.tbd */ = {isa = PBXFileReference; lastKnownFileType = "sourcecode.text-based-dylib-definition"; name = libicucore.tbd; path = usr/lib/libicucore.tbd; sourceTree = SDKROOT; };
		1ACCDC731C3C686800E39371 /* libc++.tbd */ = {isa = PBXFileReference; lastKnownFileType = "sourcecode.text-based-dylib-definition"; name = "libc++.tbd"; path = "usr/lib/libc++.tbd"; sourceTree = SDKROOT; };
		1ACCDC751C3C686F00E39371 /* CFNetwork.framework */ = {isa = PBXFileReference; lastKnownFileType = wrapper.framework; name = CFNetwork.framework; path = System/Library/Frameworks/CFNetwork.framework; sourceTree = SDKROOT; };
		1ACCDC771C3C687700E39371 /* Security.framework */ = {isa = PBXFileReference; lastKnownFileType = wrapper.framework; name = Security.framework; path = System/Library/Frameworks/Security.framework; sourceTree = SDKROOT; };
		1ACCDC791C3C687D00E39371 /* SystemConfiguration.framework */ = {isa = PBXFileReference; lastKnownFileType = wrapper.framework; name = SystemConfiguration.framework; path = System/Library/Frameworks/SystemConfiguration.framework; sourceTree = SDKROOT; };
		1ACCDC801C3C6EC800E39371 /* Firebase.framework */ = {isa = PBXFileReference; lastKnownFileType = wrapper.framework; path = Firebase.framework; sourceTree = "<group>"; };
		8C4738621C3B3B4C000142C3 /* Tether.app */ = {isa = PBXFileReference; explicitFileType = wrapper.application; includeInIndex = 0; path = Tether.app; sourceTree = BUILT_PRODUCTS_DIR; };
		8C4738651C3B3B4C000142C3 /* AppDelegate.swift */ = {isa = PBXFileReference; lastKnownFileType = sourcecode.swift; path = AppDelegate.swift; sourceTree = "<group>"; };
		8C47386A1C3B3B4C000142C3 /* Base */ = {isa = PBXFileReference; lastKnownFileType = file.storyboard; name = Base; path = Base.lproj/Main.storyboard; sourceTree = "<group>"; };
		8C47386C1C3B3B4C000142C3 /* Assets.xcassets */ = {isa = PBXFileReference; lastKnownFileType = folder.assetcatalog; path = Assets.xcassets; sourceTree = "<group>"; };
		8C47386F1C3B3B4C000142C3 /* Base */ = {isa = PBXFileReference; lastKnownFileType = file.storyboard; name = Base; path = Base.lproj/LaunchScreen.storyboard; sourceTree = "<group>"; };
		8C4738711C3B3B4C000142C3 /* Info.plist */ = {isa = PBXFileReference; lastKnownFileType = text.plist.xml; path = Info.plist; sourceTree = "<group>"; };
		FFD55C9E1C3B49BE00454AD5 /* MapViewController.swift */ = {isa = PBXFileReference; fileEncoding = 4; lastKnownFileType = sourcecode.swift; path = MapViewController.swift; sourceTree = "<group>"; };
		FFD55CA01C3B4CB900454AD5 /* ContactsTableViewController.swift */ = {isa = PBXFileReference; fileEncoding = 4; lastKnownFileType = sourcecode.swift; path = ContactsTableViewController.swift; sourceTree = "<group>"; };
		FFD55CA21C3B533F00454AD5 /* CompassViewController.swift */ = {isa = PBXFileReference; fileEncoding = 4; lastKnownFileType = sourcecode.swift; path = CompassViewController.swift; sourceTree = "<group>"; };
/* End PBXFileReference section */

/* Begin PBXFrameworksBuildPhase section */
		8C47385F1C3B3B4C000142C3 /* Frameworks */ = {
			isa = PBXFrameworksBuildPhase;
			buildActionMask = 2147483647;
			files = (
				1ACCDC7A1C3C687D00E39371 /* SystemConfiguration.framework in Frameworks */,
				1ACCDC811C3C6EC800E39371 /* Firebase.framework in Frameworks */,
				1ACCDC781C3C687700E39371 /* Security.framework in Frameworks */,
				1ACCDC761C3C686F00E39371 /* CFNetwork.framework in Frameworks */,
				1ACCDC741C3C686800E39371 /* libc++.tbd in Frameworks */,
				1ACCDC721C3C67F200E39371 /* libicucore.tbd in Frameworks */,
			);
			runOnlyForDeploymentPostprocessing = 0;
		};
/* End PBXFrameworksBuildPhase section */

/* Begin PBXGroup section */
		1ACCDC6E1C3C648500E39371 /* ModelControllers */ = {
			isa = PBXGroup;
			children = (
				1ACCDC6C1C3C642200E39371 /* FirebaseController.swift */,
			);
			name = ModelControllers;
			path = ..;
			sourceTree = "<group>";
		};
		1ACCDC7B1C3C689000E39371 /* Frameworks */ = {
			isa = PBXGroup;
			children = (
				1ACCDC791C3C687D00E39371 /* SystemConfiguration.framework */,
				1ACCDC771C3C687700E39371 /* Security.framework */,
				1ACCDC751C3C686F00E39371 /* CFNetwork.framework */,
				1ACCDC801C3C6EC800E39371 /* Firebase.framework */,
				1ACCDC731C3C686800E39371 /* libc++.tbd */,
				1ACCDC711C3C67F200E39371 /* libicucore.tbd */,
			);
			name = Frameworks;
			sourceTree = "<group>";
		};
		290783DA1C3C59180017788A /* ModelObjects */ = {
			isa = PBXGroup;
			children = (
				1ACCDC681C3C57D600E39371 /* User.swift */,
				1ACCDC6A1C3C57E800E39371 /* Friend.swift */,
			);
			name = ModelObjects;
			path = ..;
			sourceTree = "<group>";
		};
		8C4738591C3B3B4C000142C3 = {
			isa = PBXGroup;
			children = (
				1ACCDC7B1C3C689000E39371 /* Frameworks */,
				8C4738641C3B3B4C000142C3 /* Tether */,
				8C4738631C3B3B4C000142C3 /* Products */,
			);
			sourceTree = "<group>";
		};
		8C4738631C3B3B4C000142C3 /* Products */ = {
			isa = PBXGroup;
			children = (
				8C4738621C3B3B4C000142C3 /* Tether.app */,
			);
			name = Products;
			sourceTree = "<group>";
		};
		8C4738641C3B3B4C000142C3 /* Tether */ = {
			isa = PBXGroup;
			children = (
				8C4738651C3B3B4C000142C3 /* AppDelegate.swift */,
				8C4738691C3B3B4C000142C3 /* Main.storyboard */,
				290783DA1C3C59180017788A /* ModelObjects */,
				1ACCDC6E1C3C648500E39371 /* ModelControllers */,
				FFD55CA41C3B56BB00454AD5 /* ViewControllers */,
				8C47386C1C3B3B4C000142C3 /* Assets.xcassets */,
				8C47386E1C3B3B4C000142C3 /* LaunchScreen.storyboard */,
				8C4738711C3B3B4C000142C3 /* Info.plist */,
			);
			path = Tether;
			sourceTree = "<group>";
		};
		FFD55CA41C3B56BB00454AD5 /* ViewControllers */ = {
			isa = PBXGroup;
			children = (
				FFD55CA21C3B533F00454AD5 /* CompassViewController.swift */,
				FFD55C9E1C3B49BE00454AD5 /* MapViewController.swift */,
				FFD55CA01C3B4CB900454AD5 /* ContactsTableViewController.swift */,
			);
			name = ViewControllers;
			sourceTree = "<group>";
		};
/* End PBXGroup section */

/* Begin PBXNativeTarget section */
		8C4738611C3B3B4C000142C3 /* Tether */ = {
			isa = PBXNativeTarget;
			buildConfigurationList = 8C4738741C3B3B4C000142C3 /* Build configuration list for PBXNativeTarget "Tether" */;
			buildPhases = (
				8C47385E1C3B3B4C000142C3 /* Sources */,
				8C47385F1C3B3B4C000142C3 /* Frameworks */,
				8C4738601C3B3B4C000142C3 /* Resources */,
				1ACCDC831C3C6EC800E39371 /* Embed Frameworks */,
			);
			buildRules = (
			);
			dependencies = (
			);
			name = Tether;
			productName = Tether;
			productReference = 8C4738621C3B3B4C000142C3 /* Tether.app */;
			productType = "com.apple.product-type.application";
		};
/* End PBXNativeTarget section */

/* Begin PBXProject section */
		8C47385A1C3B3B4C000142C3 /* Project object */ = {
			isa = PBXProject;
			attributes = {
				LastSwiftUpdateCheck = 0720;
				LastUpgradeCheck = 0720;
				ORGANIZATIONNAME = DevMountain;
				TargetAttributes = {
					8C4738611C3B3B4C000142C3 = {
						CreatedOnToolsVersion = 7.2;
					};
				};
			};
			buildConfigurationList = 8C47385D1C3B3B4C000142C3 /* Build configuration list for PBXProject "Tether" */;
			compatibilityVersion = "Xcode 3.2";
			developmentRegion = English;
			hasScannedForEncodings = 0;
			knownRegions = (
				en,
				Base,
			);
			mainGroup = 8C4738591C3B3B4C000142C3;
			productRefGroup = 8C4738631C3B3B4C000142C3 /* Products */;
			projectDirPath = "";
			projectRoot = "";
			targets = (
				8C4738611C3B3B4C000142C3 /* Tether */,
			);
		};
/* End PBXProject section */

/* Begin PBXResourcesBuildPhase section */
		8C4738601C3B3B4C000142C3 /* Resources */ = {
			isa = PBXResourcesBuildPhase;
			buildActionMask = 2147483647;
			files = (
				8C4738701C3B3B4C000142C3 /* LaunchScreen.storyboard in Resources */,
				8C47386D1C3B3B4C000142C3 /* Assets.xcassets in Resources */,
				8C47386B1C3B3B4C000142C3 /* Main.storyboard in Resources */,
			);
			runOnlyForDeploymentPostprocessing = 0;
		};
/* End PBXResourcesBuildPhase section */

/* Begin PBXSourcesBuildPhase section */
		8C47385E1C3B3B4C000142C3 /* Sources */ = {
			isa = PBXSourcesBuildPhase;
			buildActionMask = 2147483647;
			files = (
				8C4738661C3B3B4C000142C3 /* AppDelegate.swift in Sources */,
				1ACCDC6D1C3C642200E39371 /* FirebaseController.swift in Sources */,
				FFD55C9F1C3B49BE00454AD5 /* MapViewController.swift in Sources */,
				FFD55CA11C3B4CB900454AD5 /* ContactsTableViewController.swift in Sources */,
				1ACCDC6B1C3C57E800E39371 /* Friend.swift in Sources */,
				1ACCDC691C3C57D600E39371 /* User.swift in Sources */,
				FFD55CA31C3B533F00454AD5 /* CompassViewController.swift in Sources */,
			);
			runOnlyForDeploymentPostprocessing = 0;
		};
/* End PBXSourcesBuildPhase section */

/* Begin PBXVariantGroup section */
		8C4738691C3B3B4C000142C3 /* Main.storyboard */ = {
			isa = PBXVariantGroup;
			children = (
				8C47386A1C3B3B4C000142C3 /* Base */,
			);
			name = Main.storyboard;
			sourceTree = "<group>";
		};
		8C47386E1C3B3B4C000142C3 /* LaunchScreen.storyboard */ = {
			isa = PBXVariantGroup;
			children = (
				8C47386F1C3B3B4C000142C3 /* Base */,
			);
			name = LaunchScreen.storyboard;
			sourceTree = "<group>";
		};
/* End PBXVariantGroup section */

/* Begin XCBuildConfiguration section */
		8C4738721C3B3B4C000142C3 /* Debug */ = {
			isa = XCBuildConfiguration;
			buildSettings = {
				ALWAYS_SEARCH_USER_PATHS = NO;
				CLANG_CXX_LANGUAGE_STANDARD = "gnu++0x";
				CLANG_CXX_LIBRARY = "libc++";
				CLANG_ENABLE_MODULES = YES;
				CLANG_ENABLE_OBJC_ARC = YES;
				CLANG_WARN_BOOL_CONVERSION = YES;
				CLANG_WARN_CONSTANT_CONVERSION = YES;
				CLANG_WARN_DIRECT_OBJC_ISA_USAGE = YES_ERROR;
				CLANG_WARN_EMPTY_BODY = YES;
				CLANG_WARN_ENUM_CONVERSION = YES;
				CLANG_WARN_INT_CONVERSION = YES;
				CLANG_WARN_OBJC_ROOT_CLASS = YES_ERROR;
				CLANG_WARN_UNREACHABLE_CODE = YES;
				CLANG_WARN__DUPLICATE_METHOD_MATCH = YES;
				"CODE_SIGN_IDENTITY[sdk=iphoneos*]" = "iPhone Developer";
				COPY_PHASE_STRIP = NO;
				DEBUG_INFORMATION_FORMAT = dwarf;
				ENABLE_STRICT_OBJC_MSGSEND = YES;
				ENABLE_TESTABILITY = YES;
				GCC_C_LANGUAGE_STANDARD = gnu99;
				GCC_DYNAMIC_NO_PIC = NO;
				GCC_NO_COMMON_BLOCKS = YES;
				GCC_OPTIMIZATION_LEVEL = 0;
				GCC_PREPROCESSOR_DEFINITIONS = (
					"DEBUG=1",
					"$(inherited)",
				);
				GCC_WARN_64_TO_32_BIT_CONVERSION = YES;
				GCC_WARN_ABOUT_RETURN_TYPE = YES_ERROR;
				GCC_WARN_UNDECLARED_SELECTOR = YES;
				GCC_WARN_UNINITIALIZED_AUTOS = YES_AGGRESSIVE;
				GCC_WARN_UNUSED_FUNCTION = YES;
				GCC_WARN_UNUSED_VARIABLE = YES;
				IPHONEOS_DEPLOYMENT_TARGET = 9.2;
				MTL_ENABLE_DEBUG_INFO = YES;
				ONLY_ACTIVE_ARCH = YES;
				SDKROOT = iphoneos;
				SWIFT_OPTIMIZATION_LEVEL = "-Onone";
				TARGETED_DEVICE_FAMILY = "1,2";
			};
			name = Debug;
		};
		8C4738731C3B3B4C000142C3 /* Release */ = {
			isa = XCBuildConfiguration;
			buildSettings = {
				ALWAYS_SEARCH_USER_PATHS = NO;
				CLANG_CXX_LANGUAGE_STANDARD = "gnu++0x";
				CLANG_CXX_LIBRARY = "libc++";
				CLANG_ENABLE_MODULES = YES;
				CLANG_ENABLE_OBJC_ARC = YES;
				CLANG_WARN_BOOL_CONVERSION = YES;
				CLANG_WARN_CONSTANT_CONVERSION = YES;
				CLANG_WARN_DIRECT_OBJC_ISA_USAGE = YES_ERROR;
				CLANG_WARN_EMPTY_BODY = YES;
				CLANG_WARN_ENUM_CONVERSION = YES;
				CLANG_WARN_INT_CONVERSION = YES;
				CLANG_WARN_OBJC_ROOT_CLASS = YES_ERROR;
				CLANG_WARN_UNREACHABLE_CODE = YES;
				CLANG_WARN__DUPLICATE_METHOD_MATCH = YES;
				"CODE_SIGN_IDENTITY[sdk=iphoneos*]" = "iPhone Developer";
				COPY_PHASE_STRIP = NO;
				DEBUG_INFORMATION_FORMAT = "dwarf-with-dsym";
				ENABLE_NS_ASSERTIONS = NO;
				ENABLE_STRICT_OBJC_MSGSEND = YES;
				GCC_C_LANGUAGE_STANDARD = gnu99;
				GCC_NO_COMMON_BLOCKS = YES;
				GCC_WARN_64_TO_32_BIT_CONVERSION = YES;
				GCC_WARN_ABOUT_RETURN_TYPE = YES_ERROR;
				GCC_WARN_UNDECLARED_SELECTOR = YES;
				GCC_WARN_UNINITIALIZED_AUTOS = YES_AGGRESSIVE;
				GCC_WARN_UNUSED_FUNCTION = YES;
				GCC_WARN_UNUSED_VARIABLE = YES;
				IPHONEOS_DEPLOYMENT_TARGET = 9.2;
				MTL_ENABLE_DEBUG_INFO = NO;
				SDKROOT = iphoneos;
				TARGETED_DEVICE_FAMILY = "1,2";
				VALIDATE_PRODUCT = YES;
			};
			name = Release;
		};
		8C4738751C3B3B4C000142C3 /* Debug */ = {
			isa = XCBuildConfiguration;
			buildSettings = {
				ASSETCATALOG_COMPILER_APPICON_NAME = AppIcon;
				FRAMEWORK_SEARCH_PATHS = (
					"$(inherited)",
					"$(PROJECT_DIR)",
				);
				INFOPLIST_FILE = Tether/Info.plist;
				IPHONEOS_DEPLOYMENT_TARGET = 9.0;
				LD_RUNPATH_SEARCH_PATHS = "$(inherited) @executable_path/Frameworks";
				PRODUCT_BUNDLE_IDENTIFIER = com.DevMountain.Tether;
				PRODUCT_NAME = "$(TARGET_NAME)";
				TARGETED_DEVICE_FAMILY = 1;
			};
			name = Debug;
		};
		8C4738761C3B3B4C000142C3 /* Release */ = {
			isa = XCBuildConfiguration;
			buildSettings = {
				ASSETCATALOG_COMPILER_APPICON_NAME = AppIcon;
				FRAMEWORK_SEARCH_PATHS = (
					"$(inherited)",
					"$(PROJECT_DIR)",
				);
				INFOPLIST_FILE = Tether/Info.plist;
				IPHONEOS_DEPLOYMENT_TARGET = 9.0;
				LD_RUNPATH_SEARCH_PATHS = "$(inherited) @executable_path/Frameworks";
				PRODUCT_BUNDLE_IDENTIFIER = com.DevMountain.Tether;
				PRODUCT_NAME = "$(TARGET_NAME)";
				TARGETED_DEVICE_FAMILY = 1;
			};
			name = Release;
		};
/* End XCBuildConfiguration section */

/* Begin XCConfigurationList section */
		8C47385D1C3B3B4C000142C3 /* Build configuration list for PBXProject "Tether" */ = {
			isa = XCConfigurationList;
			buildConfigurations = (
				8C4738721C3B3B4C000142C3 /* Debug */,
				8C4738731C3B3B4C000142C3 /* Release */,
			);
			defaultConfigurationIsVisible = 0;
			defaultConfigurationName = Release;
		};
		8C4738741C3B3B4C000142C3 /* Build configuration list for PBXNativeTarget "Tether" */ = {
			isa = XCConfigurationList;
			buildConfigurations = (
				8C4738751C3B3B4C000142C3 /* Debug */,
				8C4738761C3B3B4C000142C3 /* Release */,
			);
			defaultConfigurationIsVisible = 0;
			defaultConfigurationName = Release;
		};
/* End XCConfigurationList section */
	};
	rootObject = 8C47385A1C3B3B4C000142C3 /* Project object */;
}
